
Microsoft Visual Studio Solution File, Format Version 12.00
# Visual Studio Version 17
VisualStudioVersion = 17.6.33829.357
MinimumVisualStudioVersion = 10.0.40219.1
Project("{FAE04EC0-301F-11D3-BF4B-00C04F79EFBC}") = "Project", "Project\Project.csproj", "{8272B72D-8577-44CD-92A2-A10B74F1524D}"
EndProject
Global
	GlobalSection(SolutionConfigurationPlatforms) = preSolution
		Debug|Any CPU = Debug|Any CPU
		Release|Any CPU = Release|Any CPU
	EndGlobalSection
	GlobalSection(ProjectConfigurationPlatforms) = postSolution
		{8272B72D-8577-44CD-92A2-A10B74F1524D}.Debug|Any CPU.ActiveCfg = Debug|Any CPU
		{8272B72D-8577-44CD-92A2-A10B74F1524D}.Debug|Any CPU.Build.0 = Debug|Any CPU
		{8272B72D-8577-44CD-92A2-A10B74F1524D}.Release|Any CPU.ActiveCfg = Release|Any CPU
		{8272B72D-8577-44CD-92A2-A10B74F1524D}.Release|Any CPU.Build.0 = Release|Any CPU
	EndGlobalSection
	GlobalSection(SolutionProperties) = preSolution
		HideSolutionNode = FALSE
	EndGlobalSection
	GlobalSection(ExtensibilityGlobals) = postSolution
		SolutionGuid = {14D79323-5EDC-4AD1-8F0F-D1E6A7091363}
	EndGlobalSection
EndGlobal
